
Microsoft Visual Studio Solution File, Format Version 12.00
# Visual Studio Version 16
VisualStudioVersion = 16.0.31702.278
MinimumVisualStudioVersion = 10.0.40219.1
Project("{FAE04EC0-301F-11D3-BF4B-00C04F79EFBC}") = "SeleniumTestProject", "SeleniumTestProject\SeleniumTestProject.csproj", "{56DB0099-83D7-4A48-B906-0B95AC91DA1A}"
EndProject
Global
	GlobalSection(SolutionConfigurationPlatforms) = preSolution
		Debug|Any CPU = Debug|Any CPU
		Release|Any CPU = Release|Any CPU
	EndGlobalSection
	GlobalSection(ProjectConfigurationPlatforms) = postSolution
		{56DB0099-83D7-4A48-B906-0B95AC91DA1A}.Debug|Any CPU.ActiveCfg = Debug|Any CPU
		{56DB0099-83D7-4A48-B906-0B95AC91DA1A}.Debug|Any CPU.Build.0 = Debug|Any CPU
		{56DB0099-83D7-4A48-B906-0B95AC91DA1A}.Release|Any CPU.ActiveCfg = Release|Any CPU
		{56DB0099-83D7-4A48-B906-0B95AC91DA1A}.Release|Any CPU.Build.0 = Release|Any CPU
	EndGlobalSection
	GlobalSection(SolutionProperties) = preSolution
		HideSolutionNode = FALSE
	EndGlobalSection
	GlobalSection(ExtensibilityGlobals) = postSolution
		SolutionGuid = {399EA18C-B285-44E2-A14D-1D85C304A34C}
	EndGlobalSection
EndGlobal
